// !$*UTF8*$!
{
	archiveVersion = 1;
	classes = {
	};
	objectVersion = 48;
	objects = {

/* Begin PBXBuildFile section */
		409CC0F786D08AE94207BC2F /* Pods_ShareAnIftar.framework in Frameworks */ = {isa = PBXBuildFile; fileRef = C4F83CF47C2C92DC2B9E8324 /* Pods_ShareAnIftar.framework */; };
		D27A868D20A45CAF0025BDB9 /* AppDelegate.swift in Sources */ = {isa = PBXBuildFile; fileRef = D27A868C20A45CAF0025BDB9 /* AppDelegate.swift */; };
		D27A868F20A45CAF0025BDB9 /* ViewController.swift in Sources */ = {isa = PBXBuildFile; fileRef = D27A868E20A45CAF0025BDB9 /* ViewController.swift */; };
		D27A869220A45CAF0025BDB9 /* Main.storyboard in Resources */ = {isa = PBXBuildFile; fileRef = D27A869020A45CAF0025BDB9 /* Main.storyboard */; };
		D27A869420A45CAF0025BDB9 /* Assets.xcassets in Resources */ = {isa = PBXBuildFile; fileRef = D27A869320A45CAF0025BDB9 /* Assets.xcassets */; };
		D27A869720A45CAF0025BDB9 /* LaunchScreen.storyboard in Resources */ = {isa = PBXBuildFile; fileRef = D27A869520A45CAF0025BDB9 /* LaunchScreen.storyboard */; };
/* End PBXBuildFile section */

/* Begin PBXFileReference section */
		C4F83CF47C2C92DC2B9E8324 /* Pods_ShareAnIftar.framework */ = {isa = PBXFileReference; explicitFileType = wrapper.framework; includeInIndex = 0; path = Pods_ShareAnIftar.framework; sourceTree = BUILT_PRODUCTS_DIR; };
		D27A868920A45CAF0025BDB9 /* ShareAnIftar.app */ = {isa = PBXFileReference; explicitFileType = wrapper.application; includeInIndex = 0; path = ShareAnIftar.app; sourceTree = BUILT_PRODUCTS_DIR; };
		D27A868C20A45CAF0025BDB9 /* AppDelegate.swift */ = {isa = PBXFileReference; lastKnownFileType = sourcecode.swift; path = AppDelegate.swift; sourceTree = "<group>"; };
		D27A868E20A45CAF0025BDB9 /* ViewController.swift */ = {isa = PBXFileReference; lastKnownFileType = sourcecode.swift; path = ViewController.swift; sourceTree = "<group>"; };
		D27A869120A45CAF0025BDB9 /* Base */ = {isa = PBXFileReference; lastKnownFileType = file.storyboard; name = Base; path = Base.lproj/Main.storyboard; sourceTree = "<group>"; };
		D27A869320A45CAF0025BDB9 /* Assets.xcassets */ = {isa = PBXFileReference; lastKnownFileType = folder.assetcatalog; path = Assets.xcassets; sourceTree = "<group>"; };
		D27A869620A45CAF0025BDB9 /* Base */ = {isa = PBXFileReference; lastKnownFileType = file.storyboard; name = Base; path = Base.lproj/LaunchScreen.storyboard; sourceTree = "<group>"; };
		D27A869820A45CAF0025BDB9 /* Info.plist */ = {isa = PBXFileReference; lastKnownFileType = text.plist.xml; path = Info.plist; sourceTree = "<group>"; };
		EAE9AFEEB74A26F8FD1EC327 /* Pods-ShareAnIftar.debug.xcconfig */ = {isa = PBXFileReference; includeInIndex = 1; lastKnownFileType = text.xcconfig; name = "Pods-ShareAnIftar.debug.xcconfig"; path = "Pods/Target Support Files/Pods-ShareAnIftar/Pods-ShareAnIftar.debug.xcconfig"; sourceTree = "<group>"; };
		EB799454C32BCD6FFB2F5846 /* Pods-ShareAnIftar.release.xcconfig */ = {isa = PBXFileReference; includeInIndex = 1; lastKnownFileType = text.xcconfig; name = "Pods-ShareAnIftar.release.xcconfig"; path = "Pods/Target Support Files/Pods-ShareAnIftar/Pods-ShareAnIftar.release.xcconfig"; sourceTree = "<group>"; };
/* End PBXFileReference section */

/* Begin PBXFrameworksBuildPhase section */
		D27A868620A45CAF0025BDB9 /* Frameworks */ = {
			isa = PBXFrameworksBuildPhase;
			buildActionMask = 2147483647;
			files = (
				409CC0F786D08AE94207BC2F /* Pods_ShareAnIftar.framework in Frameworks */,
			);
			runOnlyForDeploymentPostprocessing = 0;
		};
/* End PBXFrameworksBuildPhase section */

/* Begin PBXGroup section */
		C21291D5D933CBDC15916D33 /* Frameworks */ = {
			isa = PBXGroup;
			children = (
				C4F83CF47C2C92DC2B9E8324 /* Pods_ShareAnIftar.framework */,
			);
			name = Frameworks;
			sourceTree = "<group>";
		};
		D0D15572A93F40E4142EDFAB /* Pods */ = {
			isa = PBXGroup;
			children = (
				EAE9AFEEB74A26F8FD1EC327 /* Pods-ShareAnIftar.debug.xcconfig */,
				EB799454C32BCD6FFB2F5846 /* Pods-ShareAnIftar.release.xcconfig */,
			);
			name = Pods;
			sourceTree = "<group>";
		};
		D27A868020A45CAF0025BDB9 = {
			isa = PBXGroup;
			children = (
				D27A868B20A45CAF0025BDB9 /* ShareAnIftar */,
				D27A868A20A45CAF0025BDB9 /* Products */,
				D0D15572A93F40E4142EDFAB /* Pods */,
				C21291D5D933CBDC15916D33 /* Frameworks */,
			);
			sourceTree = "<group>";
		};
		D27A868A20A45CAF0025BDB9 /* Products */ = {
			isa = PBXGroup;
			children = (
				D27A868920A45CAF0025BDB9 /* ShareAnIftar.app */,
			);
			name = Products;
			sourceTree = "<group>";
		};
		D27A868B20A45CAF0025BDB9 /* ShareAnIftar */ = {
			isa = PBXGroup;
			children = (
				D27A868C20A45CAF0025BDB9 /* AppDelegate.swift */,
				D27A868E20A45CAF0025BDB9 /* ViewController.swift */,
				D27A869020A45CAF0025BDB9 /* Main.storyboard */,
				D27A869320A45CAF0025BDB9 /* Assets.xcassets */,
				D27A869520A45CAF0025BDB9 /* LaunchScreen.storyboard */,
				D27A869820A45CAF0025BDB9 /* Info.plist */,
			);
			path = ShareAnIftar;
			sourceTree = "<group>";
		};
/* End PBXGroup section */

/* Begin PBXNativeTarget section */
		D27A868820A45CAF0025BDB9 /* ShareAnIftar */ = {
			isa = PBXNativeTarget;
			buildConfigurationList = D27A869B20A45CAF0025BDB9 /* Build configuration list for PBXNativeTarget "ShareAnIftar" */;
			buildPhases = (
				1F0A247056C155F171E8F0BF /* [CP] Check Pods Manifest.lock */,
				D27A868520A45CAF0025BDB9 /* Sources */,
				D27A868620A45CAF0025BDB9 /* Frameworks */,
				D27A868720A45CAF0025BDB9 /* Resources */,
				DE2BF9381712EAFAB954B136 /* [CP] Embed Pods Frameworks */,
			);
			buildRules = (
			);
			dependencies = (
			);
			name = ShareAnIftar;
			productName = ShareAnIftar;
			productReference = D27A868920A45CAF0025BDB9 /* ShareAnIftar.app */;
			productType = "com.apple.product-type.application";
		};
/* End PBXNativeTarget section */

/* Begin PBXProject section */
		D27A868120A45CAF0025BDB9 /* Project object */ = {
			isa = PBXProject;
			attributes = {
				LastSwiftUpdateCheck = 0920;
				LastUpgradeCheck = 0920;
				ORGANIZATIONNAME = "Tauqeer Ahmed Khan";
				TargetAttributes = {
					D27A868820A45CAF0025BDB9 = {
						CreatedOnToolsVersion = 9.2;
						ProvisioningStyle = Automatic;
					};
				};
			};
			buildConfigurationList = D27A868420A45CAF0025BDB9 /* Build configuration list for PBXProject "ShareAnIftar" */;
			compatibilityVersion = "Xcode 8.0";
			developmentRegion = en;
			hasScannedForEncodings = 0;
			knownRegions = (
				en,
				Base,
			);
			mainGroup = D27A868020A45CAF0025BDB9;
			productRefGroup = D27A868A20A45CAF0025BDB9 /* Products */;
			projectDirPath = "";
			projectRoot = "";
			targets = (
				D27A868820A45CAF0025BDB9 /* ShareAnIftar */,
			);
		};
/* End PBXProject section */

/* Begin PBXResourcesBuildPhase section */
		D27A868720A45CAF0025BDB9 /* Resources */ = {
			isa = PBXResourcesBuildPhase;
			buildActionMask = 2147483647;
			files = (
				D27A869720A45CAF0025BDB9 /* LaunchScreen.storyboard in Resources */,
				D27A869420A45CAF0025BDB9 /* Assets.xcassets in Resources */,
				D27A869220A45CAF0025BDB9 /* Main.storyboard in Resources */,
			);
			runOnlyForDeploymentPostprocessing = 0;
		};
/* End PBXResourcesBuildPhase section */

/* Begin PBXShellScriptBuildPhase section */
		1F0A247056C155F171E8F0BF /* [CP] Check Pods Manifest.lock */ = {
			isa = PBXShellScriptBuildPhase;
			buildActionMask = 2147483647;
			files = (
			);
			inputPaths = (
				"${PODS_PODFILE_DIR_PATH}/Podfile.lock",
				"${PODS_ROOT}/Manifest.lock",
			);
			name = "[CP] Check Pods Manifest.lock";
			outputPaths = (
				"$(DERIVED_FILE_DIR)/Pods-ShareAnIftar-checkManifestLockResult.txt",
			);
			runOnlyForDeploymentPostprocessing = 0;
			shellPath = /bin/sh;
			shellScript = "diff \"${PODS_PODFILE_DIR_PATH}/Podfile.lock\" \"${PODS_ROOT}/Manifest.lock\" > /dev/null\nif [ $? != 0 ] ; then\n    # print error to STDERR\n    echo \"error: The sandbox is not in sync with the Podfile.lock. Run 'pod install' or update your CocoaPods installation.\" >&2\n    exit 1\nfi\n# This output is used by Xcode 'outputs' to avoid re-running this script phase.\necho \"SUCCESS\" > \"${SCRIPT_OUTPUT_FILE_0}\"\n";
			showEnvVarsInLog = 0;
		};
		DE2BF9381712EAFAB954B136 /* [CP] Embed Pods Frameworks */ = {
			isa = PBXShellScriptBuildPhase;
			buildActionMask = 2147483647;
			files = (
			);
			inputPaths = (
				"${SRCROOT}/Pods/Target Support Files/Pods-ShareAnIftar/Pods-ShareAnIftar-frameworks.sh",
				"${BUILT_PRODUCTS_DIR}/Alamofire/Alamofire.framework",
				"${BUILT_PRODUCTS_DIR}/Cosmos/Cosmos.framework",
				"${BUILT_PRODUCTS_DIR}/SDWebImage/SDWebImage.framework",
			);
			name = "[CP] Embed Pods Frameworks";
			outputPaths = (
				"${TARGET_BUILD_DIR}/${FRAMEWORKS_FOLDER_PATH}/Alamofire.framework",
				"${TARGET_BUILD_DIR}/${FRAMEWORKS_FOLDER_PATH}/Cosmos.framework",
				"${TARGET_BUILD_DIR}/${FRAMEWORKS_FOLDER_PATH}/SDWebImage.framework",
			);
			runOnlyForDeploymentPostprocessing = 0;
			shellPath = /bin/sh;
			shellScript = "\"${SRCROOT}/Pods/Target Support Files/Pods-ShareAnIftar/Pods-ShareAnIftar-frameworks.sh\"\n";
			showEnvVarsInLog = 0;
		};
/* End PBXShellScriptBuildPhase section */

/* Begin PBXSourcesBuildPhase section */
		D27A868520A45CAF0025BDB9 /* Sources */ = {
			isa = PBXSourcesBuildPhase;
			buildActionMask = 2147483647;
			files = (
				D27A868F20A45CAF0025BDB9 /* ViewController.swift in Sources */,
				D27A868D20A45CAF0025BDB9 /* AppDelegate.swift in Sources */,
			);
			runOnlyForDeploymentPostprocessing = 0;
		};
/* End PBXSourcesBuildPhase section */

/* Begin PBXVariantGroup section */
		D27A869020A45CAF0025BDB9 /* Main.storyboard */ = {
			isa = PBXVariantGroup;
			children = (
				D27A869120A45CAF0025BDB9 /* Base */,
			);
			name = Main.storyboard;
			sourceTree = "<group>";
		};
		D27A869520A45CAF0025BDB9 /* LaunchScreen.storyboard */ = {
			isa = PBXVariantGroup;
			children = (
				D27A869620A45CAF0025BDB9 /* Base */,
			);
			name = LaunchScreen.storyboard;
			sourceTree = "<group>";
		};
/* End PBXVariantGroup section */

/* Begin XCBuildConfiguration section */
		D27A869920A45CAF0025BDB9 /* Debug */ = {
			isa = XCBuildConfiguration;
			buildSettings = {
				ALWAYS_SEARCH_USER_PATHS = NO;
				CLANG_ANALYZER_NONNULL = YES;
				CLANG_ANALYZER_NUMBER_OBJECT_CONVERSION = YES_AGGRESSIVE;
				CLANG_CXX_LANGUAGE_STANDARD = "gnu++14";
				CLANG_CXX_LIBRARY = "libc++";
				CLANG_ENABLE_MODULES = YES;
				CLANG_ENABLE_OBJC_ARC = YES;
				CLANG_WARN_BLOCK_CAPTURE_AUTORELEASING = YES;
				CLANG_WARN_BOOL_CONVERSION = YES;
				CLANG_WARN_COMMA = YES;
				CLANG_WARN_CONSTANT_CONVERSION = YES;
				CLANG_WARN_DIRECT_OBJC_ISA_USAGE = YES_ERROR;
				CLANG_WARN_DOCUMENTATION_COMMENTS = YES;
				CLANG_WARN_EMPTY_BODY = YES;
				CLANG_WARN_ENUM_CONVERSION = YES;
				CLANG_WARN_INFINITE_RECURSION = YES;
				CLANG_WARN_INT_CONVERSION = YES;
				CLANG_WARN_NON_LITERAL_NULL_CONVERSION = YES;
				CLANG_WARN_OBJC_LITERAL_CONVERSION = YES;
				CLANG_WARN_OBJC_ROOT_CLASS = YES_ERROR;
				CLANG_WARN_RANGE_LOOP_ANALYSIS = YES;
				CLANG_WARN_STRICT_PROTOTYPES = YES;
				CLANG_WARN_SUSPICIOUS_MOVE = YES;
				CLANG_WARN_UNGUARDED_AVAILABILITY = YES_AGGRESSIVE;
				CLANG_WARN_UNREACHABLE_CODE = YES;
				CLANG_WARN__DUPLICATE_METHOD_MATCH = YES;
				CODE_SIGN_IDENTITY = "iPhone Developer";
				COPY_PHASE_STRIP = NO;
				DEBUG_INFORMATION_FORMAT = dwarf;
				ENABLE_STRICT_OBJC_MSGSEND = YES;
				ENABLE_TESTABILITY = YES;
				GCC_C_LANGUAGE_STANDARD = gnu11;
				GCC_DYNAMIC_NO_PIC = NO;
				GCC_NO_COMMON_BLOCKS = YES;
				GCC_OPTIMIZATION_LEVEL = 0;
				GCC_PREPROCESSOR_DEFINITIONS = (
					"DEBUG=1",
					"$(inherited)",
				);
				GCC_WARN_64_TO_32_BIT_CONVERSION = YES;
				GCC_WARN_ABOUT_RETURN_TYPE = YES_ERROR;
				GCC_WARN_UNDECLARED_SELECTOR = YES;
				GCC_WARN_UNINITIALIZED_AUTOS = YES_AGGRESSIVE;
				GCC_WARN_UNUSED_FUNCTION = YES;
				GCC_WARN_UNUSED_VARIABLE = YES;
				IPHONEOS_DEPLOYMENT_TARGET = 11.2;
				MTL_ENABLE_DEBUG_INFO = YES;
				ONLY_ACTIVE_ARCH = YES;
				SDKROOT = iphoneos;
				SWIFT_ACTIVE_COMPILATION_CONDITIONS = DEBUG;
				SWIFT_OPTIMIZATION_LEVEL = "-Onone";
			};
			name = Debug;
		};
		D27A869A20A45CAF0025BDB9 /* Release */ = {
			isa = XCBuildConfiguration;
			buildSettings = {
				ALWAYS_SEARCH_USER_PATHS = NO;
				CLANG_ANALYZER_NONNULL = YES;
				CLANG_ANALYZER_NUMBER_OBJECT_CONVERSION = YES_AGGRESSIVE;
				CLANG_CXX_LANGUAGE_STANDARD = "gnu++14";
				CLANG_CXX_LIBRARY = "libc++";
				CLANG_ENABLE_MODULES = YES;
				CLANG_ENABLE_OBJC_ARC = YES;
				CLANG_WARN_BLOCK_CAPTURE_AUTORELEASING = YES;
				CLANG_WARN_BOOL_CONVERSION = YES;
				CLANG_WARN_COMMA = YES;
				CLANG_WARN_CONSTANT_CONVERSION = YES;
				CLANG_WARN_DIRECT_OBJC_ISA_USAGE = YES_ERROR;
				CLANG_WARN_DOCUMENTATION_COMMENTS = YES;
				CLANG_WARN_EMPTY_BODY = YES;
				CLANG_WARN_ENUM_CONVERSION = YES;
				CLANG_WARN_INFINITE_RECURSION = YES;
				CLANG_WARN_INT_CONVERSION = YES;
				CLANG_WARN_NON_LITERAL_NULL_CONVERSION = YES;
				CLANG_WARN_OBJC_LITERAL_CONVERSION = YES;
				CLANG_WARN_OBJC_ROOT_CLASS = YES_ERROR;
				CLANG_WARN_RANGE_LOOP_ANALYSIS = YES;
				CLANG_WARN_STRICT_PROTOTYPES = YES;
				CLANG_WARN_SUSPICIOUS_MOVE = YES;
				CLANG_WARN_UNGUARDED_AVAILABILITY = YES_AGGRESSIVE;
				CLANG_WARN_UNREACHABLE_CODE = YES;
				CLANG_WARN__DUPLICATE_METHOD_MATCH = YES;
				CODE_SIGN_IDENTITY = "iPhone Developer";
				COPY_PHASE_STRIP = NO;
				DEBUG_INFORMATION_FORMAT = "dwarf-with-dsym";
				ENABLE_NS_ASSERTIONS = NO;
				ENABLE_STRICT_OBJC_MSGSEND = YES;
				GCC_C_LANGUAGE_STANDARD = gnu11;
				GCC_NO_COMMON_BLOCKS = YES;
				GCC_WARN_64_TO_32_BIT_CONVERSION = YES;
				GCC_WARN_ABOUT_RETURN_TYPE = YES_ERROR;
				GCC_WARN_UNDECLARED_SELECTOR = YES;
				GCC_WARN_UNINITIALIZED_AUTOS = YES_AGGRESSIVE;
				GCC_WARN_UNUSED_FUNCTION = YES;
				GCC_WARN_UNUSED_VARIABLE = YES;
				IPHONEOS_DEPLOYMENT_TARGET = 11.2;
				MTL_ENABLE_DEBUG_INFO = NO;
				SDKROOT = iphoneos;
				SWIFT_OPTIMIZATION_LEVEL = "-Owholemodule";
				VALIDATE_PRODUCT = YES;
			};
			name = Release;
		};
		D27A869C20A45CAF0025BDB9 /* Debug */ = {
			isa = XCBuildConfiguration;
			baseConfigurationReference = EAE9AFEEB74A26F8FD1EC327 /* Pods-ShareAnIftar.debug.xcconfig */;
			buildSettings = {
				ASSETCATALOG_COMPILER_APPICON_NAME = AppIcon;
				CODE_SIGN_STYLE = Automatic;
				INFOPLIST_FILE = ShareAnIftar/Info.plist;
				LD_RUNPATH_SEARCH_PATHS = "$(inherited) @executable_path/Frameworks";
				PRODUCT_BUNDLE_IDENTIFIER = QBS.ShareAnIftar;
				PRODUCT_NAME = "$(TARGET_NAME)";
				SWIFT_VERSION = 4.0;
				TARGETED_DEVICE_FAMILY = "1,2";
			};
			name = Debug;
		};
		D27A869D20A45CAF0025BDB9 /* Release */ = {
			isa = XCBuildConfiguration;
			baseConfigurationReference = EB799454C32BCD6FFB2F5846 /* Pods-ShareAnIftar.release.xcconfig */;
			buildSettings = {
				ASSETCATALOG_COMPILER_APPICON_NAME = AppIcon;
				CODE_SIGN_STYLE = Automatic;
				INFOPLIST_FILE = ShareAnIftar/Info.plist;
				LD_RUNPATH_SEARCH_PATHS = "$(inherited) @executable_path/Frameworks";
				PRODUCT_BUNDLE_IDENTIFIER = QBS.ShareAnIftar;
				PRODUCT_NAME = "$(TARGET_NAME)";
				SWIFT_VERSION = 4.0;
				TARGETED_DEVICE_FAMILY = "1,2";
			};
			name = Release;
		};
/* End XCBuildConfiguration section */

/* Begin XCConfigurationList section */
		D27A868420A45CAF0025BDB9 /* Build configuration list for PBXProject "ShareAnIftar" */ = {
			isa = XCConfigurationList;
			buildConfigurations = (
				D27A869920A45CAF0025BDB9 /* Debug */,
				D27A869A20A45CAF0025BDB9 /* Release */,
			);
			defaultConfigurationIsVisible = 0;
			defaultConfigurationName = Release;
		};
		D27A869B20A45CAF0025BDB9 /* Build configuration list for PBXNativeTarget "ShareAnIftar" */ = {
			isa = XCConfigurationList;
			buildConfigurations = (
				D27A869C20A45CAF0025BDB9 /* Debug */,
				D27A869D20A45CAF0025BDB9 /* Release */,
			);
			defaultConfigurationIsVisible = 0;
			defaultConfigurationName = Release;
		};
/* End XCConfigurationList section */
	};
	rootObject = D27A868120A45CAF0025BDB9 /* Project object */;
}
